// !$*UTF8*$!
{
	archiveVersion = 1;
	classes = {
	};
	objectVersion = 46;
	objects = {

/* Begin PBXBuildFile section */
		604B75671EC355E800DEFE49 /* main.cpp in Sources */ = {isa = PBXBuildFile; fileRef = 604B75661EC355E800DEFE49 /* main.cpp */; };
		604B756F1EC3569D00DEFE49 /* GameScreen.cpp in Sources */ = {isa = PBXBuildFile; fileRef = 604B756D1EC3569D00DEFE49 /* GameScreen.cpp */; };
		604B75721EC356CE00DEFE49 /* TitleScreen.cpp in Sources */ = {isa = PBXBuildFile; fileRef = 604B75701EC356CE00DEFE49 /* TitleScreen.cpp */; };
/* End PBXBuildFile section */

/* Begin PBXCopyFilesBuildPhase section */
		604B75611EC355E800DEFE49 /* CopyFiles */ = {
			isa = PBXCopyFilesBuildPhase;
			buildActionMask = 2147483647;
			dstPath = /usr/share/man/man1/;
			dstSubfolderSpec = 0;
			files = (
			);
			runOnlyForDeploymentPostprocessing = 1;
		};
/* End PBXCopyFilesBuildPhase section */

/* Begin PBXFileReference section */
		604B75631EC355E800DEFE49 /* Mastermind */ = {isa = PBXFileReference; explicitFileType = "compiled.mach-o.executable"; includeInIndex = 0; path = Mastermind; sourceTree = BUILT_PRODUCTS_DIR; };
		604B75661EC355E800DEFE49 /* main.cpp */ = {isa = PBXFileReference; lastKnownFileType = sourcecode.cpp.cpp; path = main.cpp; sourceTree = "<group>"; };
		604B756D1EC3569D00DEFE49 /* GameScreen.cpp */ = {isa = PBXFileReference; fileEncoding = 4; lastKnownFileType = sourcecode.cpp.cpp; path = GameScreen.cpp; sourceTree = "<group>"; };
		604B756E1EC3569D00DEFE49 /* GameScreen.hpp */ = {isa = PBXFileReference; fileEncoding = 4; lastKnownFileType = sourcecode.cpp.h; path = GameScreen.hpp; sourceTree = "<group>"; };
		604B75701EC356CE00DEFE49 /* TitleScreen.cpp */ = {isa = PBXFileReference; fileEncoding = 4; lastKnownFileType = sourcecode.cpp.cpp; path = TitleScreen.cpp; sourceTree = "<group>"; };
		604B75711EC356CE00DEFE49 /* TitleScreen.hpp */ = {isa = PBXFileReference; fileEncoding = 4; lastKnownFileType = sourcecode.cpp.h; path = TitleScreen.hpp; sourceTree = "<group>"; };
/* End PBXFileReference section */

/* Begin PBXFrameworksBuildPhase section */
		604B75601EC355E800DEFE49 /* Frameworks */ = {
			isa = PBXFrameworksBuildPhase;
			buildActionMask = 2147483647;
			files = (
			);
			runOnlyForDeploymentPostprocessing = 0;
		};
/* End PBXFrameworksBuildPhase section */

/* Begin PBXGroup section */
		604B755A1EC355E800DEFE49 = {
			isa = PBXGroup;
			children = (
				604B75651EC355E800DEFE49 /* Mastermind */,
				604B75641EC355E800DEFE49 /* Products */,
			);
			sourceTree = "<group>";
		};
		604B75641EC355E800DEFE49 /* Products */ = {
			isa = PBXGroup;
			children = (
				604B75631EC355E800DEFE49 /* Mastermind */,
			);
			name = Products;
			sourceTree = "<group>";
		};
		604B75651EC355E800DEFE49 /* Mastermind */ = {
			isa = PBXGroup;
			children = (
				604B75661EC355E800DEFE49 /* main.cpp */,
				604B756D1EC3569D00DEFE49 /* GameScreen.cpp */,
				604B756E1EC3569D00DEFE49 /* GameScreen.hpp */,
				604B75701EC356CE00DEFE49 /* TitleScreen.cpp */,
				604B75711EC356CE00DEFE49 /* TitleScreen.hpp */,
			);
			path = Mastermind;
			sourceTree = "<group>";
		};
/* End PBXGroup section */

/* Begin PBXNativeTarget section */
		604B75621EC355E800DEFE49 /* Mastermind */ = {
			isa = PBXNativeTarget;
			buildConfigurationList = 604B756A1EC355E800DEFE49 /* Build configuration list for PBXNativeTarget "Mastermind" */;
			buildPhases = (
				604B755F1EC355E800DEFE49 /* Sources */,
				604B75601EC355E800DEFE49 /* Frameworks */,
				604B75611EC355E800DEFE49 /* CopyFiles */,
			);
			buildRules = (
			);
			dependencies = (
			);
			name = Mastermind;
			productName = Mastermind;
			productReference = 604B75631EC355E800DEFE49 /* Mastermind */;
			productType = "com.apple.product-type.tool";
		};
/* End PBXNativeTarget section */

/* Begin PBXProject section */
		604B755B1EC355E800DEFE49 /* Project object */ = {
			isa = PBXProject;
			attributes = {
				LastUpgradeCheck = 0830;
				ORGANIZATIONNAME = haijian;
				TargetAttributes = {
					604B75621EC355E800DEFE49 = {
						CreatedOnToolsVersion = 8.3.2;
						DevelopmentTeam = 4M5A36G82A;
						ProvisioningStyle = Automatic;
					};
				};
			};
			buildConfigurationList = 604B755E1EC355E800DEFE49 /* Build configuration list for PBXProject "Mastermind" */;
			compatibilityVersion = "Xcode 3.2";
			developmentRegion = English;
			hasScannedForEncodings = 0;
			knownRegions = (
				en,
			);
			mainGroup = 604B755A1EC355E800DEFE49;
			productRefGroup = 604B75641EC355E800DEFE49 /* Products */;
			projectDirPath = "";
			projectRoot = "";
			targets = (
				604B75621EC355E800DEFE49 /* Mastermind */,
			);
		};
/* End PBXProject section */

/* Begin PBXSourcesBuildPhase section */
		604B755F1EC355E800DEFE49 /* Sources */ = {
			isa = PBXSourcesBuildPhase;
			buildActionMask = 2147483647;
			files = (
				604B75671EC355E800DEFE49 /* main.cpp in Sources */,
				604B75721EC356CE00DEFE49 /* TitleScreen.cpp in Sources */,
				604B756F1EC3569D00DEFE49 /* GameScreen.cpp in Sources */,
			);
			runOnlyForDeploymentPostprocessing = 0;
		};
/* End PBXSourcesBuildPhase section */

/* Begin XCBuildConfiguration section */
		604B75681EC355E800DEFE49 /* Debug */ = {
			isa = XCBuildConfiguration;
			buildSettings = {
				ALWAYS_SEARCH_USER_PATHS = NO;
				CLANG_ANALYZER_NONNULL = YES;
				CLANG_ANALYZER_NUMBER_OBJECT_CONVERSION = YES_AGGRESSIVE;
				CLANG_CXX_LANGUAGE_STANDARD = "gnu++0x";
				CLANG_CXX_LIBRARY = "libc++";
				CLANG_ENABLE_MODULES = YES;
				CLANG_ENABLE_OBJC_ARC = YES;
				CLANG_WARN_BOOL_CONVERSION = YES;
				CLANG_WARN_CONSTANT_CONVERSION = YES;
				CLANG_WARN_DIRECT_OBJC_ISA_USAGE = YES_ERROR;
				CLANG_WARN_DOCUMENTATION_COMMENTS = YES;
				CLANG_WARN_EMPTY_BODY = YES;
				CLANG_WARN_ENUM_CONVERSION = YES;
				CLANG_WARN_INFINITE_RECURSION = YES;
				CLANG_WARN_INT_CONVERSION = YES;
				CLANG_WARN_OBJC_ROOT_CLASS = YES_ERROR;
				CLANG_WARN_SUSPICIOUS_MOVE = YES;
				CLANG_WARN_UNREACHABLE_CODE = YES;
				CLANG_WARN__DUPLICATE_METHOD_MATCH = YES;
				CODE_SIGN_IDENTITY = "-";
				COPY_PHASE_STRIP = NO;
				DEBUG_INFORMATION_FORMAT = dwarf;
				ENABLE_STRICT_OBJC_MSGSEND = YES;
				ENABLE_TESTABILITY = YES;
				GCC_C_LANGUAGE_STANDARD = gnu99;
				GCC_DYNAMIC_NO_PIC = NO;
				GCC_NO_COMMON_BLOCKS = YES;
				GCC_OPTIMIZATION_LEVEL = 0;
				GCC_PREPROCESSOR_DEFINITIONS = (
					"DEBUG=1",
					"$(inherited)",
				);
				GCC_WARN_64_TO_32_BIT_CONVERSION = YES;
				GCC_WARN_ABOUT_RETURN_TYPE = YES_ERROR;
				GCC_WARN_UNDECLARED_SELECTOR = YES;
				GCC_WARN_UNINITIALIZED_AUTOS = YES_AGGRESSIVE;
				GCC_WARN_UNUSED_FUNCTION = YES;
				GCC_WARN_UNUSED_VARIABLE = YES;
				MACOSX_DEPLOYMENT_TARGET = 10.12;
				MTL_ENABLE_DEBUG_INFO = YES;
				ONLY_ACTIVE_ARCH = YES;
				SDKROOT = macosx;
			};
			name = Debug;
		};
		604B75691EC355E800DEFE49 /* Release */ = {
			isa = XCBuildConfiguration;
			buildSettings = {
				ALWAYS_SEARCH_USER_PATHS = NO;
				CLANG_ANALYZER_NONNULL = YES;
				CLANG_ANALYZER_NUMBER_OBJECT_CONVERSION = YES_AGGRESSIVE;
				CLANG_CXX_LANGUAGE_STANDARD = "gnu++0x";
				CLANG_CXX_LIBRARY = "libc++";
				CLANG_ENABLE_MODULES = YES;
				CLANG_ENABLE_OBJC_ARC = YES;
				CLANG_WARN_BOOL_CONVERSION = YES;
				CLANG_WARN_CONSTANT_CONVERSION = YES;
				CLANG_WARN_DIRECT_OBJC_ISA_USAGE = YES_ERROR;
				CLANG_WARN_DOCUMENTATION_COMMENTS = YES;
				CLANG_WARN_EMPTY_BODY = YES;
				CLANG_WARN_ENUM_CONVERSION = YES;
				CLANG_WARN_INFINITE_RECURSION = YES;
				CLANG_WARN_INT_CONVERSION = YES;
				CLANG_WARN_OBJC_ROOT_CLASS = YES_ERROR;
				CLANG_WARN_SUSPICIOUS_MOVE = YES;
				CLANG_WARN_UNREACHABLE_CODE = YES;
				CLANG_WARN__DUPLICATE_METHOD_MATCH = YES;
				CODE_SIGN_IDENTITY = "-";
				COPY_PHASE_STRIP = NO;
				DEBUG_INFORMATION_FORMAT = "dwarf-with-dsym";
				ENABLE_NS_ASSERTIONS = NO;
				ENABLE_STRICT_OBJC_MSGSEND = YES;
				GCC_C_LANGUAGE_STANDARD = gnu99;
				GCC_NO_COMMON_BLOCKS = YES;
				GCC_WARN_64_TO_32_BIT_CONVERSION = YES;
				GCC_WARN_ABOUT_RETURN_TYPE = YES_ERROR;
				GCC_WARN_UNDECLARED_SELECTOR = YES;
				GCC_WARN_UNINITIALIZED_AUTOS = YES_AGGRESSIVE;
				GCC_WARN_UNUSED_FUNCTION = YES;
				GCC_WARN_UNUSED_VARIABLE = YES;
				MACOSX_DEPLOYMENT_TARGET = 10.12;
				MTL_ENABLE_DEBUG_INFO = NO;
				SDKROOT = macosx;
			};
			name = Release;
		};
		604B756B1EC355E800DEFE49 /* Debug */ = {
			isa = XCBuildConfiguration;
			buildSettings = {
				DEVELOPMENT_TEAM = 4M5A36G82A;
				PRODUCT_NAME = "$(TARGET_NAME)";
			};
			name = Debug;
		};
		604B756C1EC355E800DEFE49 /* Release */ = {
			isa = XCBuildConfiguration;
			buildSettings = {
				DEVELOPMENT_TEAM = 4M5A36G82A;
				PRODUCT_NAME = "$(TARGET_NAME)";
			};
			name = Release;
		};
/* End XCBuildConfiguration section */

/* Begin XCConfigurationList section */
		604B755E1EC355E800DEFE49 /* Build configuration list for PBXProject "Mastermind" */ = {
			isa = XCConfigurationList;
			buildConfigurations = (
				604B75681EC355E800DEFE49 /* Debug */,
				604B75691EC355E800DEFE49 /* Release */,
			);
			defaultConfigurationIsVisible = 0;
			defaultConfigurationName = Release;
		};
		604B756A1EC355E800DEFE49 /* Build configuration list for PBXNativeTarget "Mastermind" */ = {
			isa = XCConfigurationList;
			buildConfigurations = (
				604B756B1EC355E800DEFE49 /* Debug */,
				604B756C1EC355E800DEFE49 /* Release */,
			);
			defaultConfigurationIsVisible = 0;
		};
/* End XCConfigurationList section */
	};
	rootObject = 604B755B1EC355E800DEFE49 /* Project object */;
}
